// !$*UTF8*$!
{
	archiveVersion = 1;
	classes = {
	};
	objectVersion = 56;
	objects = {

/* Begin PBXBuildFile section */
		28320F6B788BD9C4287D860A /* Pods_testpushNotification.framework in Frameworks */ = {isa = PBXBuildFile; fileRef = D608D0B16824A40D2B5DBEA2 /* Pods_testpushNotification.framework */; };
		D308BA892B8F2FFE000ED793 /* AppDelegate.swift in Sources */ = {isa = PBXBuildFile; fileRef = D308BA882B8F2FFE000ED793 /* AppDelegate.swift */; };
		D308BA8B2B8F2FFE000ED793 /* SceneDelegate.swift in Sources */ = {isa = PBXBuildFile; fileRef = D308BA8A2B8F2FFE000ED793 /* SceneDelegate.swift */; };
		D308BA8D2B8F2FFE000ED793 /* ViewController.swift in Sources */ = {isa = PBXBuildFile; fileRef = D308BA8C2B8F2FFE000ED793 /* ViewController.swift */; };
		D308BA902B8F2FFE000ED793 /* Main.storyboard in Resources */ = {isa = PBXBuildFile; fileRef = D308BA8E2B8F2FFE000ED793 /* Main.storyboard */; };
		D308BA922B8F2FFF000ED793 /* Assets.xcassets in Resources */ = {isa = PBXBuildFile; fileRef = D308BA912B8F2FFF000ED793 /* Assets.xcassets */; };
		D308BA952B8F2FFF000ED793 /* LaunchScreen.storyboard in Resources */ = {isa = PBXBuildFile; fileRef = D308BA932B8F2FFF000ED793 /* LaunchScreen.storyboard */; };
		D308BAA12B8F3288000ED793 /* GoogleService-Info.plist in Resources */ = {isa = PBXBuildFile; fileRef = D308BAA02B8F3288000ED793 /* GoogleService-Info.plist */; };
/* End PBXBuildFile section */

/* Begin PBXFileReference section */
		2CBDEA7C5304D93FC96B449C /* Pods-testpushNotification.release.xcconfig */ = {isa = PBXFileReference; includeInIndex = 1; lastKnownFileType = text.xcconfig; name = "Pods-testpushNotification.release.xcconfig"; path = "Target Support Files/Pods-testpushNotification/Pods-testpushNotification.release.xcconfig"; sourceTree = "<group>"; };
		310AC944EE83A09484338F1B /* Pods-testpushNotification.debug.xcconfig */ = {isa = PBXFileReference; includeInIndex = 1; lastKnownFileType = text.xcconfig; name = "Pods-testpushNotification.debug.xcconfig"; path = "Target Support Files/Pods-testpushNotification/Pods-testpushNotification.debug.xcconfig"; sourceTree = "<group>"; };
		D308BA852B8F2FFE000ED793 /* testpushNotification.app */ = {isa = PBXFileReference; explicitFileType = wrapper.application; includeInIndex = 0; path = testpushNotification.app; sourceTree = BUILT_PRODUCTS_DIR; };
		D308BA882B8F2FFE000ED793 /* AppDelegate.swift */ = {isa = PBXFileReference; lastKnownFileType = sourcecode.swift; path = AppDelegate.swift; sourceTree = "<group>"; };
		D308BA8A2B8F2FFE000ED793 /* SceneDelegate.swift */ = {isa = PBXFileReference; lastKnownFileType = sourcecode.swift; path = SceneDelegate.swift; sourceTree = "<group>"; };
		D308BA8C2B8F2FFE000ED793 /* ViewController.swift */ = {isa = PBXFileReference; lastKnownFileType = sourcecode.swift; path = ViewController.swift; sourceTree = "<group>"; };
		D308BA8F2B8F2FFE000ED793 /* Base */ = {isa = PBXFileReference; lastKnownFileType = file.storyboard; name = Base; path = Base.lproj/Main.storyboard; sourceTree = "<group>"; };
		D308BA912B8F2FFF000ED793 /* Assets.xcassets */ = {isa = PBXFileReference; lastKnownFileType = folder.assetcatalog; path = Assets.xcassets; sourceTree = "<group>"; };
		D308BA942B8F2FFF000ED793 /* Base */ = {isa = PBXFileReference; lastKnownFileType = file.storyboard; name = Base; path = Base.lproj/LaunchScreen.storyboard; sourceTree = "<group>"; };
		D308BA962B8F2FFF000ED793 /* Info.plist */ = {isa = PBXFileReference; lastKnownFileType = text.plist.xml; path = Info.plist; sourceTree = "<group>"; };
		D308BAA02B8F3288000ED793 /* GoogleService-Info.plist */ = {isa = PBXFileReference; fileEncoding = 4; lastKnownFileType = text.plist.xml; path = "GoogleService-Info.plist"; sourceTree = "<group>"; };
		D608D0B16824A40D2B5DBEA2 /* Pods_testpushNotification.framework */ = {isa = PBXFileReference; explicitFileType = wrapper.framework; includeInIndex = 0; path = Pods_testpushNotification.framework; sourceTree = BUILT_PRODUCTS_DIR; };
/* End PBXFileReference section */

/* Begin PBXFrameworksBuildPhase section */
		D308BA822B8F2FFE000ED793 /* Frameworks */ = {
			isa = PBXFrameworksBuildPhase;
			buildActionMask = 2147483647;
			files = (
				28320F6B788BD9C4287D860A /* Pods_testpushNotification.framework in Frameworks */,
			);
			runOnlyForDeploymentPostprocessing = 0;
		};
/* End PBXFrameworksBuildPhase section */

/* Begin PBXGroup section */
		9AB408BD7723A04BF6E874AD /* Frameworks */ = {
			isa = PBXGroup;
			children = (
				D608D0B16824A40D2B5DBEA2 /* Pods_testpushNotification.framework */,
			);
			name = Frameworks;
			sourceTree = "<group>";
		};
		D308BA7C2B8F2FFE000ED793 = {
			isa = PBXGroup;
			children = (
				D308BA872B8F2FFE000ED793 /* testpushNotification */,
				D308BA862B8F2FFE000ED793 /* Products */,
				EF23FB7D5D9F59E51F7945AD /* Pods */,
				9AB408BD7723A04BF6E874AD /* Frameworks */,
			);
			sourceTree = "<group>";
		};
		D308BA862B8F2FFE000ED793 /* Products */ = {
			isa = PBXGroup;
			children = (
				D308BA852B8F2FFE000ED793 /* testpushNotification.app */,
			);
			name = Products;
			sourceTree = "<group>";
		};
		D308BA872B8F2FFE000ED793 /* testpushNotification */ = {
			isa = PBXGroup;
			children = (
				D308BA9C2B8F3019000ED793 /* AppDelegate */,
				D308BA9E2B8F3025000ED793 /* Launch screen */,
				D308BA9D2B8F301F000ED793 /* Views */,
				D308BA9F2B8F3033000ED793 /* Assets */,
			);
			path = testpushNotification;
			sourceTree = "<group>";
		};
		D308BA9C2B8F3019000ED793 /* AppDelegate */ = {
			isa = PBXGroup;
			children = (
				D308BA882B8F2FFE000ED793 /* AppDelegate.swift */,
				D308BA8A2B8F2FFE000ED793 /* SceneDelegate.swift */,
			);
			path = AppDelegate;
			sourceTree = "<group>";
		};
		D308BA9D2B8F301F000ED793 /* Views */ = {
			isa = PBXGroup;
			children = (
				D308BA8C2B8F2FFE000ED793 /* ViewController.swift */,
				D308BA8E2B8F2FFE000ED793 /* Main.storyboard */,
			);
			path = Views;
			sourceTree = "<group>";
		};
		D308BA9E2B8F3025000ED793 /* Launch screen */ = {
			isa = PBXGroup;
			children = (
				D308BA932B8F2FFF000ED793 /* LaunchScreen.storyboard */,
			);
			path = "Launch screen";
			sourceTree = "<group>";
		};
		D308BA9F2B8F3033000ED793 /* Assets */ = {
			isa = PBXGroup;
			children = (
				D308BAA02B8F3288000ED793 /* GoogleService-Info.plist */,
				D308BA912B8F2FFF000ED793 /* Assets.xcassets */,
				D308BA962B8F2FFF000ED793 /* Info.plist */,
			);
			path = Assets;
			sourceTree = "<group>";
		};
		EF23FB7D5D9F59E51F7945AD /* Pods */ = {
			isa = PBXGroup;
			children = (
				310AC944EE83A09484338F1B /* Pods-testpushNotification.debug.xcconfig */,
				2CBDEA7C5304D93FC96B449C /* Pods-testpushNotification.release.xcconfig */,
			);
			path = Pods;
			sourceTree = "<group>";
		};
/* End PBXGroup section */

/* Begin PBXNativeTarget section */
		D308BA842B8F2FFE000ED793 /* testpushNotification */ = {
			isa = PBXNativeTarget;
			buildConfigurationList = D308BA992B8F2FFF000ED793 /* Build configuration list for PBXNativeTarget "testpushNotification" */;
			buildPhases = (
				73021B972CD7897277827F9A /* [CP] Check Pods Manifest.lock */,
				D308BA812B8F2FFE000ED793 /* Sources */,
				D308BA822B8F2FFE000ED793 /* Frameworks */,
				D308BA832B8F2FFE000ED793 /* Resources */,
				E2454AB94CC5C7E7548EB7DA /* [CP] Embed Pods Frameworks */,
			);
			buildRules = (
			);
			dependencies = (
			);
			name = testpushNotification;
			productName = testpushNotification;
			productReference = D308BA852B8F2FFE000ED793 /* testpushNotification.app */;
			productType = "com.apple.product-type.application";
		};
/* End PBXNativeTarget section */

/* Begin PBXProject section */
		D308BA7D2B8F2FFE000ED793 /* Project object */ = {
			isa = PBXProject;
			attributes = {
				BuildIndependentTargetsInParallel = 1;
				LastSwiftUpdateCheck = 1520;
				LastUpgradeCheck = 1520;
				TargetAttributes = {
					D308BA842B8F2FFE000ED793 = {
						CreatedOnToolsVersion = 15.2;
					};
				};
			};
			buildConfigurationList = D308BA802B8F2FFE000ED793 /* Build configuration list for PBXProject "testpushNotification" */;
			compatibilityVersion = "Xcode 14.0";
			developmentRegion = en;
			hasScannedForEncodings = 0;
			knownRegions = (
				en,
				Base,
			);
			mainGroup = D308BA7C2B8F2FFE000ED793;
			productRefGroup = D308BA862B8F2FFE000ED793 /* Products */;
			projectDirPath = "";
			projectRoot = "";
			targets = (
				D308BA842B8F2FFE000ED793 /* testpushNotification */,
			);
		};
/* End PBXProject section */

/* Begin PBXResourcesBuildPhase section */
		D308BA832B8F2FFE000ED793 /* Resources */ = {
			isa = PBXResourcesBuildPhase;
			buildActionMask = 2147483647;
			files = (
				D308BA952B8F2FFF000ED793 /* LaunchScreen.storyboard in Resources */,
				D308BAA12B8F3288000ED793 /* GoogleService-Info.plist in Resources */,
				D308BA922B8F2FFF000ED793 /* Assets.xcassets in Resources */,
				D308BA902B8F2FFE000ED793 /* Main.storyboard in Resources */,
			);
			runOnlyForDeploymentPostprocessing = 0;
		};
/* End PBXResourcesBuildPhase section */

/* Begin PBXShellScriptBuildPhase section */
		73021B972CD7897277827F9A /* [CP] Check Pods Manifest.lock */ = {
			isa = PBXShellScriptBuildPhase;
			buildActionMask = 2147483647;
			files = (
			);
			inputFileListPaths = (
			);
			inputPaths = (
				"${PODS_PODFILE_DIR_PATH}/Podfile.lock",
				"${PODS_ROOT}/Manifest.lock",
			);
			name = "[CP] Check Pods Manifest.lock";
			outputFileListPaths = (
			);
			outputPaths = (
				"$(DERIVED_FILE_DIR)/Pods-testpushNotification-checkManifestLockResult.txt",
			);
			runOnlyForDeploymentPostprocessing = 0;
			shellPath = /bin/sh;
			shellScript = "diff \"${PODS_PODFILE_DIR_PATH}/Podfile.lock\" \"${PODS_ROOT}/Manifest.lock\" > /dev/null\nif [ $? != 0 ] ; then\n    # print error to STDERR\n    echo \"error: The sandbox is not in sync with the Podfile.lock. Run 'pod install' or update your CocoaPods installation.\" >&2\n    exit 1\nfi\n# This output is used by Xcode 'outputs' to avoid re-running this script phase.\necho \"SUCCESS\" > \"${SCRIPT_OUTPUT_FILE_0}\"\n";
			showEnvVarsInLog = 0;
		};
		E2454AB94CC5C7E7548EB7DA /* [CP] Embed Pods Frameworks */ = {
			isa = PBXShellScriptBuildPhase;
			buildActionMask = 2147483647;
			files = (
			);
			inputFileListPaths = (
				"${PODS_ROOT}/Target Support Files/Pods-testpushNotification/Pods-testpushNotification-frameworks-${CONFIGURATION}-input-files.xcfilelist",
			);
			name = "[CP] Embed Pods Frameworks";
			outputFileListPaths = (
				"${PODS_ROOT}/Target Support Files/Pods-testpushNotification/Pods-testpushNotification-frameworks-${CONFIGURATION}-output-files.xcfilelist",
			);
			runOnlyForDeploymentPostprocessing = 0;
			shellPath = /bin/sh;
			shellScript = "\"${PODS_ROOT}/Target Support Files/Pods-testpushNotification/Pods-testpushNotification-frameworks.sh\"\n";
			showEnvVarsInLog = 0;
		};
/* End PBXShellScriptBuildPhase section */

/* Begin PBXSourcesBuildPhase section */
		D308BA812B8F2FFE000ED793 /* Sources */ = {
			isa = PBXSourcesBuildPhase;
			buildActionMask = 2147483647;
			files = (
				D308BA8D2B8F2FFE000ED793 /* ViewController.swift in Sources */,
				D308BA892B8F2FFE000ED793 /* AppDelegate.swift in Sources */,
				D308BA8B2B8F2FFE000ED793 /* SceneDelegate.swift in Sources */,
			);
			runOnlyForDeploymentPostprocessing = 0;
		};
/* End PBXSourcesBuildPhase section */

/* Begin PBXVariantGroup section */
		D308BA8E2B8F2FFE000ED793 /* Main.storyboard */ = {
			isa = PBXVariantGroup;
			children = (
				D308BA8F2B8F2FFE000ED793 /* Base */,
			);
			name = Main.storyboard;
			sourceTree = "<group>";
		};
		D308BA932B8F2FFF000ED793 /* LaunchScreen.storyboard */ = {
			isa = PBXVariantGroup;
			children = (
				D308BA942B8F2FFF000ED793 /* Base */,
			);
			name = LaunchScreen.storyboard;
			sourceTree = "<group>";
		};
/* End PBXVariantGroup section */

/* Begin XCBuildConfiguration section */
		D308BA972B8F2FFF000ED793 /* Debug */ = {
			isa = XCBuildConfiguration;
			buildSettings = {
				ALWAYS_SEARCH_USER_PATHS = NO;
				ASSETCATALOG_COMPILER_GENERATE_SWIFT_ASSET_SYMBOL_EXTENSIONS = YES;
				CLANG_ANALYZER_NONNULL = YES;
				CLANG_ANALYZER_NUMBER_OBJECT_CONVERSION = YES_AGGRESSIVE;
				CLANG_CXX_LANGUAGE_STANDARD = "gnu++20";
				CLANG_ENABLE_MODULES = YES;
				CLANG_ENABLE_OBJC_ARC = YES;
				CLANG_ENABLE_OBJC_WEAK = YES;
				CLANG_WARN_BLOCK_CAPTURE_AUTORELEASING = YES;
				CLANG_WARN_BOOL_CONVERSION = YES;
				CLANG_WARN_COMMA = YES;
				CLANG_WARN_CONSTANT_CONVERSION = YES;
				CLANG_WARN_DEPRECATED_OBJC_IMPLEMENTATIONS = YES;
				CLANG_WARN_DIRECT_OBJC_ISA_USAGE = YES_ERROR;
				CLANG_WARN_DOCUMENTATION_COMMENTS = YES;
				CLANG_WARN_EMPTY_BODY = YES;
				CLANG_WARN_ENUM_CONVERSION = YES;
				CLANG_WARN_INFINITE_RECURSION = YES;
				CLANG_WARN_INT_CONVERSION = YES;
				CLANG_WARN_NON_LITERAL_NULL_CONVERSION = YES;
				CLANG_WARN_OBJC_IMPLICIT_RETAIN_SELF = YES;
				CLANG_WARN_OBJC_LITERAL_CONVERSION = YES;
				CLANG_WARN_OBJC_ROOT_CLASS = YES_ERROR;
				CLANG_WARN_QUOTED_INCLUDE_IN_FRAMEWORK_HEADER = YES;
				CLANG_WARN_RANGE_LOOP_ANALYSIS = YES;
				CLANG_WARN_STRICT_PROTOTYPES = YES;
				CLANG_WARN_SUSPICIOUS_MOVE = YES;
				CLANG_WARN_UNGUARDED_AVAILABILITY = YES_AGGRESSIVE;
				CLANG_WARN_UNREACHABLE_CODE = YES;
				CLANG_WARN__DUPLICATE_METHOD_MATCH = YES;
				COPY_PHASE_STRIP = NO;
				DEBUG_INFORMATION_FORMAT = dwarf;
				ENABLE_STRICT_OBJC_MSGSEND = YES;
				ENABLE_TESTABILITY = YES;
				ENABLE_USER_SCRIPT_SANDBOXING = YES;
				GCC_C_LANGUAGE_STANDARD = gnu17;
				GCC_DYNAMIC_NO_PIC = NO;
				GCC_NO_COMMON_BLOCKS = YES;
				GCC_OPTIMIZATION_LEVEL = 0;
				GCC_PREPROCESSOR_DEFINITIONS = (
					"DEBUG=1",
					"$(inherited)",
				);
				GCC_WARN_64_TO_32_BIT_CONVERSION = YES;
				GCC_WARN_ABOUT_RETURN_TYPE = YES_ERROR;
				GCC_WARN_UNDECLARED_SELECTOR = YES;
				GCC_WARN_UNINITIALIZED_AUTOS = YES_AGGRESSIVE;
				GCC_WARN_UNUSED_FUNCTION = YES;
				GCC_WARN_UNUSED_VARIABLE = YES;
				IPHONEOS_DEPLOYMENT_TARGET = 17.2;
				LOCALIZATION_PREFERS_STRING_CATALOGS = YES;
				MTL_ENABLE_DEBUG_INFO = INCLUDE_SOURCE;
				MTL_FAST_MATH = YES;
				ONLY_ACTIVE_ARCH = YES;
				SDKROOT = iphoneos;
				SWIFT_ACTIVE_COMPILATION_CONDITIONS = "DEBUG $(inherited)";
				SWIFT_OPTIMIZATION_LEVEL = "-Onone";
			};
			name = Debug;
		};
		D308BA982B8F2FFF000ED793 /* Release */ = {
			isa = XCBuildConfiguration;
			buildSettings = {
				ALWAYS_SEARCH_USER_PATHS = NO;
				ASSETCATALOG_COMPILER_GENERATE_SWIFT_ASSET_SYMBOL_EXTENSIONS = YES;
				CLANG_ANALYZER_NONNULL = YES;
				CLANG_ANALYZER_NUMBER_OBJECT_CONVERSION = YES_AGGRESSIVE;
				CLANG_CXX_LANGUAGE_STANDARD = "gnu++20";
				CLANG_ENABLE_MODULES = YES;
				CLANG_ENABLE_OBJC_ARC = YES;
				CLANG_ENABLE_OBJC_WEAK = YES;
				CLANG_WARN_BLOCK_CAPTURE_AUTORELEASING = YES;
				CLANG_WARN_BOOL_CONVERSION = YES;
				CLANG_WARN_COMMA = YES;
				CLANG_WARN_CONSTANT_CONVERSION = YES;
				CLANG_WARN_DEPRECATED_OBJC_IMPLEMENTATIONS = YES;
				CLANG_WARN_DIRECT_OBJC_ISA_USAGE = YES_ERROR;
				CLANG_WARN_DOCUMENTATION_COMMENTS = YES;
				CLANG_WARN_EMPTY_BODY = YES;
				CLANG_WARN_ENUM_CONVERSION = YES;
				CLANG_WARN_INFINITE_RECURSION = YES;
				CLANG_WARN_INT_CONVERSION = YES;
				CLANG_WARN_NON_LITERAL_NULL_CONVERSION = YES;
				CLANG_WARN_OBJC_IMPLICIT_RETAIN_SELF = YES;
				CLANG_WARN_OBJC_LITERAL_CONVERSION = YES;
				CLANG_WARN_OBJC_ROOT_CLASS = YES_ERROR;
				CLANG_WARN_QUOTED_INCLUDE_IN_FRAMEWORK_HEADER = YES;
				CLANG_WARN_RANGE_LOOP_ANALYSIS = YES;
				CLANG_WARN_STRICT_PROTOTYPES = YES;
				CLANG_WARN_SUSPICIOUS_MOVE = YES;
				CLANG_WARN_UNGUARDED_AVAILABILITY = YES_AGGRESSIVE;
				CLANG_WARN_UNREACHABLE_CODE = YES;
				CLANG_WARN__DUPLICATE_METHOD_MATCH = YES;
				COPY_PHASE_STRIP = NO;
				DEBUG_INFORMATION_FORMAT = "dwarf-with-dsym";
				ENABLE_NS_ASSERTIONS = NO;
				ENABLE_STRICT_OBJC_MSGSEND = YES;
				ENABLE_USER_SCRIPT_SANDBOXING = YES;
				GCC_C_LANGUAGE_STANDARD = gnu17;
				GCC_NO_COMMON_BLOCKS = YES;
				GCC_WARN_64_TO_32_BIT_CONVERSION = YES;
				GCC_WARN_ABOUT_RETURN_TYPE = YES_ERROR;
				GCC_WARN_UNDECLARED_SELECTOR = YES;
				GCC_WARN_UNINITIALIZED_AUTOS = YES_AGGRESSIVE;
				GCC_WARN_UNUSED_FUNCTION = YES;
				GCC_WARN_UNUSED_VARIABLE = YES;
				IPHONEOS_DEPLOYMENT_TARGET = 17.2;
				LOCALIZATION_PREFERS_STRING_CATALOGS = YES;
				MTL_ENABLE_DEBUG_INFO = NO;
				MTL_FAST_MATH = YES;
				SDKROOT = iphoneos;
				SWIFT_COMPILATION_MODE = wholemodule;
				VALIDATE_PRODUCT = YES;
			};
			name = Release;
		};
		D308BA9A2B8F2FFF000ED793 /* Debug */ = {
			isa = XCBuildConfiguration;
			baseConfigurationReference = 310AC944EE83A09484338F1B /* Pods-testpushNotification.debug.xcconfig */;
			buildSettings = {
				ASSETCATALOG_COMPILER_APPICON_NAME = AppIcon;
				ASSETCATALOG_COMPILER_GLOBAL_ACCENT_COLOR_NAME = AccentColor;
				CODE_SIGN_IDENTITY = "Apple Development";
				CODE_SIGN_STYLE = Automatic;
				CURRENT_PROJECT_VERSION = 1;
				DEVELOPMENT_TEAM = 48B8G6A6B7;
				ENABLE_USER_SCRIPT_SANDBOXING = NO;
				GENERATE_INFOPLIST_FILE = YES;
				INFOPLIST_FILE = testpushNotification/Assets/Info.plist;
				INFOPLIST_KEY_UIApplicationSupportsIndirectInputEvents = YES;
				INFOPLIST_KEY_UILaunchStoryboardName = LaunchScreen;
				INFOPLIST_KEY_UIMainStoryboardFile = Main;
				INFOPLIST_KEY_UISupportedInterfaceOrientations_iPad = "UIInterfaceOrientationPortrait UIInterfaceOrientationPortraitUpsideDown UIInterfaceOrientationLandscapeLeft UIInterfaceOrientationLandscapeRight";
				INFOPLIST_KEY_UISupportedInterfaceOrientations_iPhone = "UIInterfaceOrientationPortrait UIInterfaceOrientationLandscapeLeft UIInterfaceOrientationLandscapeRight";
				IPHONEOS_DEPLOYMENT_TARGET = 14.0;
				LD_RUNPATH_SEARCH_PATHS = (
					"$(inherited)",
					"@executable_path/Frameworks",
				);
				MARKETING_VERSION = 1.0;
				PRODUCT_BUNDLE_IDENTIFIER = com.mohamed.testPushNotifications;
				PRODUCT_NAME = "$(TARGET_NAME)";
				PROVISIONING_PROFILE_SPECIFIER = "";
				SUPPORTED_PLATFORMS = "iphoneos iphonesimulator";
				SUPPORTS_MACCATALYST = NO;
				SUPPORTS_MAC_DESIGNED_FOR_IPHONE_IPAD = NO;
				SUPPORTS_XR_DESIGNED_FOR_IPHONE_IPAD = NO;
				SWIFT_EMIT_LOC_STRINGS = YES;
				SWIFT_VERSION = 5.0;
				TARGETED_DEVICE_FAMILY = 1;
			};
			name = Debug;
		};
		D308BA9B2B8F2FFF000ED793 /* Release */ = {
			isa = XCBuildConfiguration;
			baseConfigurationReference = 2CBDEA7C5304D93FC96B449C /* Pods-testpushNotification.release.xcconfig */;
			buildSettings = {
				ASSETCATALOG_COMPILER_APPICON_NAME = AppIcon;
				ASSETCATALOG_COMPILER_GLOBAL_ACCENT_COLOR_NAME = AccentColor;
				CODE_SIGN_IDENTITY = "Apple Development";
				CODE_SIGN_STYLE = Automatic;
				CURRENT_PROJECT_VERSION = 1;
				DEVELOPMENT_TEAM = 48B8G6A6B7;
				ENABLE_USER_SCRIPT_SANDBOXING = NO;
				GENERATE_INFOPLIST_FILE = YES;
				INFOPLIST_FILE = testpushNotification/Assets/Info.plist;
				INFOPLIST_KEY_UIApplicationSupportsIndirectInputEvents = YES;
				INFOPLIST_KEY_UILaunchStoryboardName = LaunchScreen;
				INFOPLIST_KEY_UIMainStoryboardFile = Main;
				INFOPLIST_KEY_UISupportedInterfaceOrientations_iPad = "UIInterfaceOrientationPortrait UIInterfaceOrientationPortraitUpsideDown UIInterfaceOrientationLandscapeLeft UIInterfaceOrientationLandscapeRight";
				INFOPLIST_KEY_UISupportedInterfaceOrientations_iPhone = "UIInterfaceOrientationPortrait UIInterfaceOrientationLandscapeLeft UIInterfaceOrientationLandscapeRight";
				IPHONEOS_DEPLOYMENT_TARGET = 14.0;
				LD_RUNPATH_SEARCH_PATHS = (
					"$(inherited)",
					"@executable_path/Frameworks",
				);
				MARKETING_VERSION = 1.0;
				PRODUCT_BUNDLE_IDENTIFIER = com.mohamed.testPushNotifications;
				PRODUCT_NAME = "$(TARGET_NAME)";
				PROVISIONING_PROFILE_SPECIFIER = "";
				SUPPORTED_PLATFORMS = "iphoneos iphonesimulator";
				SUPPORTS_MACCATALYST = NO;
				SUPPORTS_MAC_DESIGNED_FOR_IPHONE_IPAD = NO;
				SUPPORTS_XR_DESIGNED_FOR_IPHONE_IPAD = NO;
				SWIFT_EMIT_LOC_STRINGS = YES;
				SWIFT_VERSION = 5.0;
				TARGETED_DEVICE_FAMILY = 1;
			};
			name = Release;
		};
/* End XCBuildConfiguration section */

/* Begin XCConfigurationList section */
		D308BA802B8F2FFE000ED793 /* Build configuration list for PBXProject "testpushNotification" */ = {
			isa = XCConfigurationList;
			buildConfigurations = (
				D308BA972B8F2FFF000ED793 /* Debug */,
				D308BA982B8F2FFF000ED793 /* Release */,
			);
			defaultConfigurationIsVisible = 0;
			defaultConfigurationName = Release;
		};
		D308BA992B8F2FFF000ED793 /* Build configuration list for PBXNativeTarget "testpushNotification" */ = {
			isa = XCConfigurationList;
			buildConfigurations = (
				D308BA9A2B8F2FFF000ED793 /* Debug */,
				D308BA9B2B8F2FFF000ED793 /* Release */,
			);
			defaultConfigurationIsVisible = 0;
			defaultConfigurationName = Release;
		};
/* End XCConfigurationList section */
	};
	rootObject = D308BA7D2B8F2FFE000ED793 /* Project object */;
}
